// !$*UTF8*$!
{
	archiveVersion = 1;
	classes = {
	};
	objectVersion = 55;
	objects = {

/* Begin PBXBuildFile section */
		1DEA8E7D0F819DF649BE5517 /* Pods_Chabob_ChabobUITests.framework in Frameworks */ = {isa = PBXBuildFile; fileRef = 93840EA9B4B076BD207A378D /* Pods_Chabob_ChabobUITests.framework */; };
		72B8C3131F607FBEDB15C102 /* Pods_ChabobTests.framework in Frameworks */ = {isa = PBXBuildFile; fileRef = A820B9BEAC6FF10C078C1878 /* Pods_ChabobTests.framework */; };
		A7C0846CB663E4A4FA972DFB /* Pods_Chabob.framework in Frameworks */ = {isa = PBXBuildFile; fileRef = 5A724DD1FCCF224401039B29 /* Pods_Chabob.framework */; };
		E21B92D62A67B9CC003BF71E /* API_Key.plist in Resources */ = {isa = PBXBuildFile; fileRef = E21B92D52A67B9CC003BF71E /* API_Key.plist */; };
		E21DA51D2A49D8A100625565 /* ChabobApp.swift in Sources */ = {isa = PBXBuildFile; fileRef = E21DA51C2A49D8A100625565 /* ChabobApp.swift */; };
		E21DA51F2A49D8A100625565 /* MainChargingStationView.swift in Sources */ = {isa = PBXBuildFile; fileRef = E21DA51E2A49D8A100625565 /* MainChargingStationView.swift */; };
		E21DA5242A49D8A200625565 /* Preview Assets.xcassets in Resources */ = {isa = PBXBuildFile; fileRef = E21DA5232A49D8A200625565 /* Preview Assets.xcassets */; };
		E21DA52E2A49D8A200625565 /* ChabobTests.swift in Sources */ = {isa = PBXBuildFile; fileRef = E21DA52D2A49D8A200625565 /* ChabobTests.swift */; };
		E21DA5382A49D8A200625565 /* ChabobUITests.swift in Sources */ = {isa = PBXBuildFile; fileRef = E21DA5372A49D8A200625565 /* ChabobUITests.swift */; };
		E21DA53A2A49D8A200625565 /* ChabobUITestsLaunchTests.swift in Sources */ = {isa = PBXBuildFile; fileRef = E21DA5392A49D8A200625565 /* ChabobUITestsLaunchTests.swift */; };
		E254437E2A71383D006AF892 /* Chabob++Bundle.swift in Sources */ = {isa = PBXBuildFile; fileRef = E254437D2A71383D006AF892 /* Chabob++Bundle.swift */; };
		E295BF5D2A67E9EB002791D3 /* UIMapView.swift in Sources */ = {isa = PBXBuildFile; fileRef = E295BF5C2A67E9EB002791D3 /* UIMapView.swift */; };
		E2B752512A7947FB00ACF477 /* MVIContainer.swift in Sources */ = {isa = PBXBuildFile; fileRef = E2B752502A7947FB00ACF477 /* MVIContainer.swift */; };
		E2B752532A79482E00ACF477 /* ChargingStationIntent.swift in Sources */ = {isa = PBXBuildFile; fileRef = E2B752522A79482E00ACF477 /* ChargingStationIntent.swift */; };
		E2B752552A79491000ACF477 /* ChargingStationIntentProtocol.swift in Sources */ = {isa = PBXBuildFile; fileRef = E2B752542A79491000ACF477 /* ChargingStationIntentProtocol.swift */; };
		E2B752572A79522A00ACF477 /* ChargingStation.swift in Sources */ = {isa = PBXBuildFile; fileRef = E2B752562A79522A00ACF477 /* ChargingStation.swift */; };
		E2B7525A2A795E0E00ACF477 /* MainChargingStationView+Build.swift in Sources */ = {isa = PBXBuildFile; fileRef = E2B752592A795E0E00ACF477 /* MainChargingStationView+Build.swift */; };
		E2B7525D2A7B7D5300ACF477 /* LocationService.swift in Sources */ = {isa = PBXBuildFile; fileRef = E2B7525C2A7B7D5300ACF477 /* LocationService.swift */; };
		E2B7525F2A7B9DCB00ACF477 /* ChargingStationType.swift in Sources */ = {isa = PBXBuildFile; fileRef = E2B7525E2A7B9DCB00ACF477 /* ChargingStationType.swift */; };
		E2B752612A8146B900ACF477 /* Assets.xcassets in Resources */ = {isa = PBXBuildFile; fileRef = E2B752602A8146B900ACF477 /* Assets.xcassets */; };
		E2B752662A88D65F00ACF477 /* Double+.swift in Sources */ = {isa = PBXBuildFile; fileRef = E2B752652A88D65F00ACF477 /* Double+.swift */; };
		E2BF69772A952879007B1C10 /* UIMapViewController.swift in Sources */ = {isa = PBXBuildFile; fileRef = E2BF69762A952879007B1C10 /* UIMapViewController.swift */; };
		E2BF697E2A9672CD007B1C10 /* RoundedUIButton.swift in Sources */ = {isa = PBXBuildFile; fileRef = E2BF697D2A9672CD007B1C10 /* RoundedUIButton.swift */; };
		E2C74C242A72A7680043E8EC /* ChargingStationModelProtocol.swift in Sources */ = {isa = PBXBuildFile; fileRef = E2C74C232A72A7680043E8EC /* ChargingStationModelProtocol.swift */; };
		E2C74C262A72A80D0043E8EC /* ChargingStationModel.swift in Sources */ = {isa = PBXBuildFile; fileRef = E2C74C252A72A80D0043E8EC /* ChargingStationModel.swift */; };
		E2FDB67E2A8E8307008E3F07 /* LoadingView.swift in Sources */ = {isa = PBXBuildFile; fileRef = E2FDB67D2A8E8307008E3F07 /* LoadingView.swift */; };
		E2FDB6802A8E832C008E3F07 /* ErrorView.swift in Sources */ = {isa = PBXBuildFile; fileRef = E2FDB67F2A8E832C008E3F07 /* ErrorView.swift */; };
/* End PBXBuildFile section */

/* Begin PBXContainerItemProxy section */
		E21DA52A2A49D8A200625565 /* PBXContainerItemProxy */ = {
			isa = PBXContainerItemProxy;
			containerPortal = E21DA5112A49D8A100625565 /* Project object */;
			proxyType = 1;
			remoteGlobalIDString = E21DA5182A49D8A100625565;
			remoteInfo = Chabob;
		};
		E21DA5342A49D8A200625565 /* PBXContainerItemProxy */ = {
			isa = PBXContainerItemProxy;
			containerPortal = E21DA5112A49D8A100625565 /* Project object */;
			proxyType = 1;
			remoteGlobalIDString = E21DA5182A49D8A100625565;
			remoteInfo = Chabob;
		};
/* End PBXContainerItemProxy section */

/* Begin PBXFileReference section */
		09561DBA7EE1F7031B1C8AC7 /* Pods-Chabob-ChabobUITests.debug.xcconfig */ = {isa = PBXFileReference; includeInIndex = 1; lastKnownFileType = text.xcconfig; name = "Pods-Chabob-ChabobUITests.debug.xcconfig"; path = "Target Support Files/Pods-Chabob-ChabobUITests/Pods-Chabob-ChabobUITests.debug.xcconfig"; sourceTree = "<group>"; };
		17636ECC0ED5A2ADA7EC479A /* Pods-ChabobTests.debug.xcconfig */ = {isa = PBXFileReference; includeInIndex = 1; lastKnownFileType = text.xcconfig; name = "Pods-ChabobTests.debug.xcconfig"; path = "Target Support Files/Pods-ChabobTests/Pods-ChabobTests.debug.xcconfig"; sourceTree = "<group>"; };
		32673FF272231CA981D4CAF3 /* Pods-Chabob.debug.xcconfig */ = {isa = PBXFileReference; includeInIndex = 1; lastKnownFileType = text.xcconfig; name = "Pods-Chabob.debug.xcconfig"; path = "Target Support Files/Pods-Chabob/Pods-Chabob.debug.xcconfig"; sourceTree = "<group>"; };
		5A724DD1FCCF224401039B29 /* Pods_Chabob.framework */ = {isa = PBXFileReference; explicitFileType = wrapper.framework; includeInIndex = 0; path = Pods_Chabob.framework; sourceTree = BUILT_PRODUCTS_DIR; };
		93840EA9B4B076BD207A378D /* Pods_Chabob_ChabobUITests.framework */ = {isa = PBXFileReference; explicitFileType = wrapper.framework; includeInIndex = 0; path = Pods_Chabob_ChabobUITests.framework; sourceTree = BUILT_PRODUCTS_DIR; };
		98982953C43EB55DFCA5E534 /* Pods-Chabob-ChabobUITests.release.xcconfig */ = {isa = PBXFileReference; includeInIndex = 1; lastKnownFileType = text.xcconfig; name = "Pods-Chabob-ChabobUITests.release.xcconfig"; path = "Target Support Files/Pods-Chabob-ChabobUITests/Pods-Chabob-ChabobUITests.release.xcconfig"; sourceTree = "<group>"; };
		9B4ACE63C7F99EAEB445AA55 /* Pods-Chabob.release.xcconfig */ = {isa = PBXFileReference; includeInIndex = 1; lastKnownFileType = text.xcconfig; name = "Pods-Chabob.release.xcconfig"; path = "Target Support Files/Pods-Chabob/Pods-Chabob.release.xcconfig"; sourceTree = "<group>"; };
		A820B9BEAC6FF10C078C1878 /* Pods_ChabobTests.framework */ = {isa = PBXFileReference; explicitFileType = wrapper.framework; includeInIndex = 0; path = Pods_ChabobTests.framework; sourceTree = BUILT_PRODUCTS_DIR; };
		C2C29FEEA2CA867360998ED7 /* Pods-ChabobTests.release.xcconfig */ = {isa = PBXFileReference; includeInIndex = 1; lastKnownFileType = text.xcconfig; name = "Pods-ChabobTests.release.xcconfig"; path = "Target Support Files/Pods-ChabobTests/Pods-ChabobTests.release.xcconfig"; sourceTree = "<group>"; };
		E21B92D52A67B9CC003BF71E /* API_Key.plist */ = {isa = PBXFileReference; lastKnownFileType = text.plist.xml; path = API_Key.plist; sourceTree = "<group>"; };
		E21DA5192A49D8A100625565 /* Chabob.app */ = {isa = PBXFileReference; explicitFileType = wrapper.application; includeInIndex = 0; path = Chabob.app; sourceTree = BUILT_PRODUCTS_DIR; };
		E21DA51C2A49D8A100625565 /* ChabobApp.swift */ = {isa = PBXFileReference; lastKnownFileType = sourcecode.swift; path = ChabobApp.swift; sourceTree = "<group>"; };
		E21DA51E2A49D8A100625565 /* MainChargingStationView.swift */ = {isa = PBXFileReference; lastKnownFileType = sourcecode.swift; path = MainChargingStationView.swift; sourceTree = "<group>"; };
		E21DA5232A49D8A200625565 /* Preview Assets.xcassets */ = {isa = PBXFileReference; lastKnownFileType = folder.assetcatalog; path = "Preview Assets.xcassets"; sourceTree = "<group>"; };
		E21DA5292A49D8A200625565 /* ChabobTests.xctest */ = {isa = PBXFileReference; explicitFileType = wrapper.cfbundle; includeInIndex = 0; path = ChabobTests.xctest; sourceTree = BUILT_PRODUCTS_DIR; };
		E21DA52D2A49D8A200625565 /* ChabobTests.swift */ = {isa = PBXFileReference; lastKnownFileType = sourcecode.swift; path = ChabobTests.swift; sourceTree = "<group>"; };
		E21DA5332A49D8A200625565 /* ChabobUITests.xctest */ = {isa = PBXFileReference; explicitFileType = wrapper.cfbundle; includeInIndex = 0; path = ChabobUITests.xctest; sourceTree = BUILT_PRODUCTS_DIR; };
		E21DA5372A49D8A200625565 /* ChabobUITests.swift */ = {isa = PBXFileReference; lastKnownFileType = sourcecode.swift; path = ChabobUITests.swift; sourceTree = "<group>"; };
		E21DA5392A49D8A200625565 /* ChabobUITestsLaunchTests.swift */ = {isa = PBXFileReference; lastKnownFileType = sourcecode.swift; path = ChabobUITestsLaunchTests.swift; sourceTree = "<group>"; };
		E254437D2A71383D006AF892 /* Chabob++Bundle.swift */ = {isa = PBXFileReference; lastKnownFileType = sourcecode.swift; path = "Chabob++Bundle.swift"; sourceTree = "<group>"; };
		E295BF5C2A67E9EB002791D3 /* UIMapView.swift */ = {isa = PBXFileReference; lastKnownFileType = sourcecode.swift; path = UIMapView.swift; sourceTree = "<group>"; };
		E2B752502A7947FB00ACF477 /* MVIContainer.swift */ = {isa = PBXFileReference; lastKnownFileType = sourcecode.swift; path = MVIContainer.swift; sourceTree = "<group>"; };
		E2B752522A79482E00ACF477 /* ChargingStationIntent.swift */ = {isa = PBXFileReference; lastKnownFileType = sourcecode.swift; path = ChargingStationIntent.swift; sourceTree = "<group>"; };
		E2B752542A79491000ACF477 /* ChargingStationIntentProtocol.swift */ = {isa = PBXFileReference; lastKnownFileType = sourcecode.swift; path = ChargingStationIntentProtocol.swift; sourceTree = "<group>"; };
		E2B752562A79522A00ACF477 /* ChargingStation.swift */ = {isa = PBXFileReference; lastKnownFileType = sourcecode.swift; path = ChargingStation.swift; sourceTree = "<group>"; };
		E2B752592A795E0E00ACF477 /* MainChargingStationView+Build.swift */ = {isa = PBXFileReference; lastKnownFileType = sourcecode.swift; path = "MainChargingStationView+Build.swift"; sourceTree = "<group>"; };
		E2B7525C2A7B7D5300ACF477 /* LocationService.swift */ = {isa = PBXFileReference; lastKnownFileType = sourcecode.swift; path = LocationService.swift; sourceTree = "<group>"; };
		E2B7525E2A7B9DCB00ACF477 /* ChargingStationType.swift */ = {isa = PBXFileReference; lastKnownFileType = sourcecode.swift; path = ChargingStationType.swift; sourceTree = "<group>"; };
		E2B752602A8146B900ACF477 /* Assets.xcassets */ = {isa = PBXFileReference; lastKnownFileType = folder.assetcatalog; path = Assets.xcassets; sourceTree = "<group>"; };
		E2B752652A88D65F00ACF477 /* Double+.swift */ = {isa = PBXFileReference; lastKnownFileType = sourcecode.swift; path = "Double+.swift"; sourceTree = "<group>"; };
		E2BF69762A952879007B1C10 /* UIMapViewController.swift */ = {isa = PBXFileReference; lastKnownFileType = sourcecode.swift; path = UIMapViewController.swift; sourceTree = "<group>"; };
		E2BF697D2A9672CD007B1C10 /* RoundedUIButton.swift */ = {isa = PBXFileReference; lastKnownFileType = sourcecode.swift; path = RoundedUIButton.swift; sourceTree = "<group>"; };
		E2C74C232A72A7680043E8EC /* ChargingStationModelProtocol.swift */ = {isa = PBXFileReference; lastKnownFileType = sourcecode.swift; path = ChargingStationModelProtocol.swift; sourceTree = "<group>"; };
		E2C74C252A72A80D0043E8EC /* ChargingStationModel.swift */ = {isa = PBXFileReference; lastKnownFileType = sourcecode.swift; path = ChargingStationModel.swift; sourceTree = "<group>"; };
		E2FDB67D2A8E8307008E3F07 /* LoadingView.swift */ = {isa = PBXFileReference; lastKnownFileType = sourcecode.swift; path = LoadingView.swift; sourceTree = "<group>"; };
		E2FDB67F2A8E832C008E3F07 /* ErrorView.swift */ = {isa = PBXFileReference; lastKnownFileType = sourcecode.swift; path = ErrorView.swift; sourceTree = "<group>"; };
/* End PBXFileReference section */

/* Begin PBXFrameworksBuildPhase section */
		E21DA5162A49D8A100625565 /* Frameworks */ = {
			isa = PBXFrameworksBuildPhase;
			buildActionMask = 2147483647;
			files = (
				A7C0846CB663E4A4FA972DFB /* Pods_Chabob.framework in Frameworks */,
			);
			runOnlyForDeploymentPostprocessing = 0;
		};
		E21DA5262A49D8A200625565 /* Frameworks */ = {
			isa = PBXFrameworksBuildPhase;
			buildActionMask = 2147483647;
			files = (
				72B8C3131F607FBEDB15C102 /* Pods_ChabobTests.framework in Frameworks */,
			);
			runOnlyForDeploymentPostprocessing = 0;
		};
		E21DA5302A49D8A200625565 /* Frameworks */ = {
			isa = PBXFrameworksBuildPhase;
			buildActionMask = 2147483647;
			files = (
				1DEA8E7D0F819DF649BE5517 /* Pods_Chabob_ChabobUITests.framework in Frameworks */,
			);
			runOnlyForDeploymentPostprocessing = 0;
		};
/* End PBXFrameworksBuildPhase section */

/* Begin PBXGroup section */
		33FE2BAC9AC803806F0BD060 /* Frameworks */ = {
			isa = PBXGroup;
			children = (
				5A724DD1FCCF224401039B29 /* Pods_Chabob.framework */,
				93840EA9B4B076BD207A378D /* Pods_Chabob_ChabobUITests.framework */,
				A820B9BEAC6FF10C078C1878 /* Pods_ChabobTests.framework */,
			);
			name = Frameworks;
			sourceTree = "<group>";
		};
		E21DA5102A49D8A100625565 = {
			isa = PBXGroup;
			children = (
				E21DA51B2A49D8A100625565 /* Chabob */,
				E21DA52C2A49D8A200625565 /* ChabobTests */,
				E21DA5362A49D8A200625565 /* ChabobUITests */,
				E21DA51A2A49D8A100625565 /* Products */,
				F3B4C7F8207BEA666E8C5020 /* Pods */,
				33FE2BAC9AC803806F0BD060 /* Frameworks */,
			);
			sourceTree = "<group>";
		};
		E21DA51A2A49D8A100625565 /* Products */ = {
			isa = PBXGroup;
			children = (
				E21DA5192A49D8A100625565 /* Chabob.app */,
				E21DA5292A49D8A200625565 /* ChabobTests.xctest */,
				E21DA5332A49D8A200625565 /* ChabobUITests.xctest */,
			);
			name = Products;
			sourceTree = "<group>";
		};
		E21DA51B2A49D8A100625565 /* Chabob */ = {
			isa = PBXGroup;
			children = (
				E21DA5472A49D9E800625565 /* Resources */,
				E21DA5462A49D9D600625565 /* Sources */,
				E21DA51C2A49D8A100625565 /* ChabobApp.swift */,
				E2B752602A8146B900ACF477 /* Assets.xcassets */,
				E21DA5222A49D8A200625565 /* Preview Content */,
			);
			path = Chabob;
			sourceTree = "<group>";
		};
		E21DA5222A49D8A200625565 /* Preview Content */ = {
			isa = PBXGroup;
			children = (
				E21DA5232A49D8A200625565 /* Preview Assets.xcassets */,
			);
			path = "Preview Content";
			sourceTree = "<group>";
		};
		E21DA52C2A49D8A200625565 /* ChabobTests */ = {
			isa = PBXGroup;
			children = (
				E21DA52D2A49D8A200625565 /* ChabobTests.swift */,
			);
			path = ChabobTests;
			sourceTree = "<group>";
		};
		E21DA5362A49D8A200625565 /* ChabobUITests */ = {
			isa = PBXGroup;
			children = (
				E21DA5372A49D8A200625565 /* ChabobUITests.swift */,
				E21DA5392A49D8A200625565 /* ChabobUITestsLaunchTests.swift */,
			);
			path = ChabobUITests;
			sourceTree = "<group>";
		};
		E21DA5462A49D9D600625565 /* Sources */ = {
			isa = PBXGroup;
			children = (
				E2B752622A88D52B00ACF477 /* Extensions */,
				E2B7525B2A7B7D2F00ACF477 /* Utilities */,
				E2B752582A795DB300ACF477 /* MainChargingStation */,
			);
			path = Sources;
			sourceTree = "<group>";
		};
		E21DA5472A49D9E800625565 /* Resources */ = {
			isa = PBXGroup;
			children = (
				E21B92D52A67B9CC003BF71E /* API_Key.plist */,
				E254437D2A71383D006AF892 /* Chabob++Bundle.swift */,
			);
			path = Resources;
			sourceTree = "<group>";
		};
		E21DA5482A49DA0200625565 /* Views */ = {
			isa = PBXGroup;
			children = (
				E21DA51E2A49D8A100625565 /* MainChargingStationView.swift */,
				E295BF5C2A67E9EB002791D3 /* UIMapView.swift */,
				E2B752592A795E0E00ACF477 /* MainChargingStationView+Build.swift */,
				E2FDB67D2A8E8307008E3F07 /* LoadingView.swift */,
				E2FDB67F2A8E832C008E3F07 /* ErrorView.swift */,
			);
			path = Views;
			sourceTree = "<group>";
		};
		E21DA5492A49DA4900625565 /* Model */ = {
			isa = PBXGroup;
			children = (
				E2C74C252A72A80D0043E8EC /* ChargingStationModel.swift */,
				E2C74C232A72A7680043E8EC /* ChargingStationModelProtocol.swift */,
				E2B752562A79522A00ACF477 /* ChargingStation.swift */,
			);
			path = Model;
			sourceTree = "<group>";
		};
		E21DA54A2A49DA5000625565 /* Intent */ = {
			isa = PBXGroup;
			children = (
				E2B752522A79482E00ACF477 /* ChargingStationIntent.swift */,
				E2B752542A79491000ACF477 /* ChargingStationIntentProtocol.swift */,
			);
			path = Intent;
			sourceTree = "<group>";
		};
		E2B752582A795DB300ACF477 /* MainChargingStation */ = {
			isa = PBXGroup;
			children = (
				E2BF69782A952ADD007B1C10 /* Controllers */,
				E21DA54A2A49DA5000625565 /* Intent */,
				E21DA5492A49DA4900625565 /* Model */,
				E21DA5482A49DA0200625565 /* Views */,
				E2B7525E2A7B9DCB00ACF477 /* ChargingStationType.swift */,
			);
			path = MainChargingStation;
			sourceTree = "<group>";
		};
		E2B7525B2A7B7D2F00ACF477 /* Utilities */ = {
			isa = PBXGroup;
			children = (
				E2BF697C2A9671FB007B1C10 /* Views */,
				E2BF697B2A9671E9007B1C10 /* Classes */,
				E2BF697A2A9671C7007B1C10 /* Contatiners */,
			);
			path = Utilities;
			sourceTree = "<group>";
		};
		E2B752622A88D52B00ACF477 /* Extensions */ = {
			isa = PBXGroup;
			children = (
				E2B752652A88D65F00ACF477 /* Double+.swift */,
			);
			path = Extensions;
			sourceTree = "<group>";
		};
		E2BF69782A952ADD007B1C10 /* Controllers */ = {
			isa = PBXGroup;
			children = (
				E2BF69762A952879007B1C10 /* UIMapViewController.swift */,
			);
			path = Controllers;
			sourceTree = "<group>";
		};
		E2BF697A2A9671C7007B1C10 /* Contatiners */ = {
			isa = PBXGroup;
			children = (
				E2B752502A7947FB00ACF477 /* MVIContainer.swift */,
			);
			path = Contatiners;
			sourceTree = "<group>";
		};
		E2BF697B2A9671E9007B1C10 /* Classes */ = {
			isa = PBXGroup;
			children = (
				E2B7525C2A7B7D5300ACF477 /* LocationService.swift */,
			);
			path = Classes;
			sourceTree = "<group>";
		};
		E2BF697C2A9671FB007B1C10 /* Views */ = {
			isa = PBXGroup;
			children = (
				E2BF697D2A9672CD007B1C10 /* RoundedUIButton.swift */,
			);
			path = Views;
			sourceTree = "<group>";
		};
		F3B4C7F8207BEA666E8C5020 /* Pods */ = {
			isa = PBXGroup;
			children = (
				32673FF272231CA981D4CAF3 /* Pods-Chabob.debug.xcconfig */,
				9B4ACE63C7F99EAEB445AA55 /* Pods-Chabob.release.xcconfig */,
				09561DBA7EE1F7031B1C8AC7 /* Pods-Chabob-ChabobUITests.debug.xcconfig */,
				98982953C43EB55DFCA5E534 /* Pods-Chabob-ChabobUITests.release.xcconfig */,
				17636ECC0ED5A2ADA7EC479A /* Pods-ChabobTests.debug.xcconfig */,
				C2C29FEEA2CA867360998ED7 /* Pods-ChabobTests.release.xcconfig */,
			);
			path = Pods;
			sourceTree = "<group>";
		};
/* End PBXGroup section */

/* Begin PBXNativeTarget section */
		E21DA5182A49D8A100625565 /* Chabob */ = {
			isa = PBXNativeTarget;
			buildConfigurationList = E21DA53D2A49D8A200625565 /* Build configuration list for PBXNativeTarget "Chabob" */;
			buildPhases = (
				CB1AA8D48FC132CE8F1F6293 /* [CP] Check Pods Manifest.lock */,
				E21DA5152A49D8A100625565 /* Sources */,
				E21DA5162A49D8A100625565 /* Frameworks */,
				E21DA5172A49D8A100625565 /* Resources */,
				8C9B2F8E26550421844A317E /* [CP] Embed Pods Frameworks */,
			);
			buildRules = (
			);
			dependencies = (
			);
			name = Chabob;
			productName = Chabob;
			productReference = E21DA5192A49D8A100625565 /* Chabob.app */;
			productType = "com.apple.product-type.application";
		};
		E21DA5282A49D8A200625565 /* ChabobTests */ = {
			isa = PBXNativeTarget;
			buildConfigurationList = E21DA5402A49D8A200625565 /* Build configuration list for PBXNativeTarget "ChabobTests" */;
			buildPhases = (
				3846CAAF33005CE568A47E2B /* [CP] Check Pods Manifest.lock */,
				E21DA5252A49D8A200625565 /* Sources */,
				E21DA5262A49D8A200625565 /* Frameworks */,
				E21DA5272A49D8A200625565 /* Resources */,
			);
			buildRules = (
			);
			dependencies = (
				E21DA52B2A49D8A200625565 /* PBXTargetDependency */,
			);
			name = ChabobTests;
			productName = ChabobTests;
			productReference = E21DA5292A49D8A200625565 /* ChabobTests.xctest */;
			productType = "com.apple.product-type.bundle.unit-test";
		};
		E21DA5322A49D8A200625565 /* ChabobUITests */ = {
			isa = PBXNativeTarget;
			buildConfigurationList = E21DA5432A49D8A200625565 /* Build configuration list for PBXNativeTarget "ChabobUITests" */;
			buildPhases = (
				F2B2B2750634B5124F701570 /* [CP] Check Pods Manifest.lock */,
				E21DA52F2A49D8A200625565 /* Sources */,
				E21DA5302A49D8A200625565 /* Frameworks */,
				E21DA5312A49D8A200625565 /* Resources */,
				2DA5614F261EE08391E155BB /* [CP] Embed Pods Frameworks */,
			);
			buildRules = (
			);
			dependencies = (
				E21DA5352A49D8A200625565 /* PBXTargetDependency */,
			);
			name = ChabobUITests;
			productName = ChabobUITests;
			productReference = E21DA5332A49D8A200625565 /* ChabobUITests.xctest */;
			productType = "com.apple.product-type.bundle.ui-testing";
		};
/* End PBXNativeTarget section */

/* Begin PBXProject section */
		E21DA5112A49D8A100625565 /* Project object */ = {
			isa = PBXProject;
			attributes = {
				BuildIndependentTargetsInParallel = 1;
				LastSwiftUpdateCheck = 1420;
				LastUpgradeCheck = 1420;
				TargetAttributes = {
					E21DA5182A49D8A100625565 = {
						CreatedOnToolsVersion = 14.2;
					};
					E21DA5282A49D8A200625565 = {
						CreatedOnToolsVersion = 14.2;
						TestTargetID = E21DA5182A49D8A100625565;
					};
					E21DA5322A49D8A200625565 = {
						CreatedOnToolsVersion = 14.2;
						TestTargetID = E21DA5182A49D8A100625565;
					};
				};
			};
			buildConfigurationList = E21DA5142A49D8A100625565 /* Build configuration list for PBXProject "Chabob" */;
			compatibilityVersion = "Xcode 13.0";
			developmentRegion = en;
			hasScannedForEncodings = 0;
			knownRegions = (
				en,
				Base,
			);
			mainGroup = E21DA5102A49D8A100625565;
			productRefGroup = E21DA51A2A49D8A100625565 /* Products */;
			projectDirPath = "";
			projectRoot = "";
			targets = (
				E21DA5182A49D8A100625565 /* Chabob */,
				E21DA5282A49D8A200625565 /* ChabobTests */,
				E21DA5322A49D8A200625565 /* ChabobUITests */,
			);
		};
/* End PBXProject section */

/* Begin PBXResourcesBuildPhase section */
		E21DA5172A49D8A100625565 /* Resources */ = {
			isa = PBXResourcesBuildPhase;
			buildActionMask = 2147483647;
			files = (
				E21DA5242A49D8A200625565 /* Preview Assets.xcassets in Resources */,
				E2B752612A8146B900ACF477 /* Assets.xcassets in Resources */,
				E21B92D62A67B9CC003BF71E /* API_Key.plist in Resources */,
			);
			runOnlyForDeploymentPostprocessing = 0;
		};
		E21DA5272A49D8A200625565 /* Resources */ = {
			isa = PBXResourcesBuildPhase;
			buildActionMask = 2147483647;
			files = (
			);
			runOnlyForDeploymentPostprocessing = 0;
		};
		E21DA5312A49D8A200625565 /* Resources */ = {
			isa = PBXResourcesBuildPhase;
			buildActionMask = 2147483647;
			files = (
			);
			runOnlyForDeploymentPostprocessing = 0;
		};
/* End PBXResourcesBuildPhase section */

/* Begin PBXShellScriptBuildPhase section */
		2DA5614F261EE08391E155BB /* [CP] Embed Pods Frameworks */ = {
			isa = PBXShellScriptBuildPhase;
			buildActionMask = 2147483647;
			files = (
			);
			inputFileListPaths = (
				"${PODS_ROOT}/Target Support Files/Pods-Chabob-ChabobUITests/Pods-Chabob-ChabobUITests-frameworks-${CONFIGURATION}-input-files.xcfilelist",
			);
			name = "[CP] Embed Pods Frameworks";
			outputFileListPaths = (
				"${PODS_ROOT}/Target Support Files/Pods-Chabob-ChabobUITests/Pods-Chabob-ChabobUITests-frameworks-${CONFIGURATION}-output-files.xcfilelist",
			);
			runOnlyForDeploymentPostprocessing = 0;
			shellPath = /bin/sh;
			shellScript = "\"${PODS_ROOT}/Target Support Files/Pods-Chabob-ChabobUITests/Pods-Chabob-ChabobUITests-frameworks.sh\"\n";
			showEnvVarsInLog = 0;
		};
		3846CAAF33005CE568A47E2B /* [CP] Check Pods Manifest.lock */ = {
			isa = PBXShellScriptBuildPhase;
			buildActionMask = 2147483647;
			files = (
			);
			inputFileListPaths = (
			);
			inputPaths = (
				"${PODS_PODFILE_DIR_PATH}/Podfile.lock",
				"${PODS_ROOT}/Manifest.lock",
			);
			name = "[CP] Check Pods Manifest.lock";
			outputFileListPaths = (
			);
			outputPaths = (
				"$(DERIVED_FILE_DIR)/Pods-ChabobTests-checkManifestLockResult.txt",
			);
			runOnlyForDeploymentPostprocessing = 0;
			shellPath = /bin/sh;
			shellScript = "diff \"${PODS_PODFILE_DIR_PATH}/Podfile.lock\" \"${PODS_ROOT}/Manifest.lock\" > /dev/null\nif [ $? != 0 ] ; then\n    # print error to STDERR\n    echo \"error: The sandbox is not in sync with the Podfile.lock. Run 'pod install' or update your CocoaPods installation.\" >&2\n    exit 1\nfi\n# This output is used by Xcode 'outputs' to avoid re-running this script phase.\necho \"SUCCESS\" > \"${SCRIPT_OUTPUT_FILE_0}\"\n";
			showEnvVarsInLog = 0;
		};
		8C9B2F8E26550421844A317E /* [CP] Embed Pods Frameworks */ = {
			isa = PBXShellScriptBuildPhase;
			buildActionMask = 2147483647;
			files = (
			);
			inputFileListPaths = (
				"${PODS_ROOT}/Target Support Files/Pods-Chabob/Pods-Chabob-frameworks-${CONFIGURATION}-input-files.xcfilelist",
			);
			name = "[CP] Embed Pods Frameworks";
			outputFileListPaths = (
				"${PODS_ROOT}/Target Support Files/Pods-Chabob/Pods-Chabob-frameworks-${CONFIGURATION}-output-files.xcfilelist",
			);
			runOnlyForDeploymentPostprocessing = 0;
			shellPath = /bin/sh;
			shellScript = "\"${PODS_ROOT}/Target Support Files/Pods-Chabob/Pods-Chabob-frameworks.sh\"\n";
			showEnvVarsInLog = 0;
		};
		CB1AA8D48FC132CE8F1F6293 /* [CP] Check Pods Manifest.lock */ = {
			isa = PBXShellScriptBuildPhase;
			buildActionMask = 2147483647;
			files = (
			);
			inputFileListPaths = (
			);
			inputPaths = (
				"${PODS_PODFILE_DIR_PATH}/Podfile.lock",
				"${PODS_ROOT}/Manifest.lock",
			);
			name = "[CP] Check Pods Manifest.lock";
			outputFileListPaths = (
			);
			outputPaths = (
				"$(DERIVED_FILE_DIR)/Pods-Chabob-checkManifestLockResult.txt",
			);
			runOnlyForDeploymentPostprocessing = 0;
			shellPath = /bin/sh;
			shellScript = "diff \"${PODS_PODFILE_DIR_PATH}/Podfile.lock\" \"${PODS_ROOT}/Manifest.lock\" > /dev/null\nif [ $? != 0 ] ; then\n    # print error to STDERR\n    echo \"error: The sandbox is not in sync with the Podfile.lock. Run 'pod install' or update your CocoaPods installation.\" >&2\n    exit 1\nfi\n# This output is used by Xcode 'outputs' to avoid re-running this script phase.\necho \"SUCCESS\" > \"${SCRIPT_OUTPUT_FILE_0}\"\n";
			showEnvVarsInLog = 0;
		};
		F2B2B2750634B5124F701570 /* [CP] Check Pods Manifest.lock */ = {
			isa = PBXShellScriptBuildPhase;
			buildActionMask = 2147483647;
			files = (
			);
			inputFileListPaths = (
			);
			inputPaths = (
				"${PODS_PODFILE_DIR_PATH}/Podfile.lock",
				"${PODS_ROOT}/Manifest.lock",
			);
			name = "[CP] Check Pods Manifest.lock";
			outputFileListPaths = (
			);
			outputPaths = (
				"$(DERIVED_FILE_DIR)/Pods-Chabob-ChabobUITests-checkManifestLockResult.txt",
			);
			runOnlyForDeploymentPostprocessing = 0;
			shellPath = /bin/sh;
			shellScript = "diff \"${PODS_PODFILE_DIR_PATH}/Podfile.lock\" \"${PODS_ROOT}/Manifest.lock\" > /dev/null\nif [ $? != 0 ] ; then\n    # print error to STDERR\n    echo \"error: The sandbox is not in sync with the Podfile.lock. Run 'pod install' or update your CocoaPods installation.\" >&2\n    exit 1\nfi\n# This output is used by Xcode 'outputs' to avoid re-running this script phase.\necho \"SUCCESS\" > \"${SCRIPT_OUTPUT_FILE_0}\"\n";
			showEnvVarsInLog = 0;
		};
/* End PBXShellScriptBuildPhase section */

/* Begin PBXSourcesBuildPhase section */
		E21DA5152A49D8A100625565 /* Sources */ = {
			isa = PBXSourcesBuildPhase;
			buildActionMask = 2147483647;
			files = (
				E21DA51F2A49D8A100625565 /* MainChargingStationView.swift in Sources */,
				E2BF69772A952879007B1C10 /* UIMapViewController.swift in Sources */,
				E2B752572A79522A00ACF477 /* ChargingStation.swift in Sources */,
				E2B752552A79491000ACF477 /* ChargingStationIntentProtocol.swift in Sources */,
				E2C74C242A72A7680043E8EC /* ChargingStationModelProtocol.swift in Sources */,
				E254437E2A71383D006AF892 /* Chabob++Bundle.swift in Sources */,
				E2B752512A7947FB00ACF477 /* MVIContainer.swift in Sources */,
				E2B7525A2A795E0E00ACF477 /* MainChargingStationView+Build.swift in Sources */,
				E2B7525F2A7B9DCB00ACF477 /* ChargingStationType.swift in Sources */,
				E2FDB67E2A8E8307008E3F07 /* LoadingView.swift in Sources */,
				E2B752662A88D65F00ACF477 /* Double+.swift in Sources */,
				E295BF5D2A67E9EB002791D3 /* UIMapView.swift in Sources */,
				E2B752532A79482E00ACF477 /* ChargingStationIntent.swift in Sources */,
				E21DA51D2A49D8A100625565 /* ChabobApp.swift in Sources */,
				E2B7525D2A7B7D5300ACF477 /* LocationService.swift in Sources */,
				E2C74C262A72A80D0043E8EC /* ChargingStationModel.swift in Sources */,
				E2FDB6802A8E832C008E3F07 /* ErrorView.swift in Sources */,
				E2BF697E2A9672CD007B1C10 /* RoundedUIButton.swift in Sources */,
			);
			runOnlyForDeploymentPostprocessing = 0;
		};
		E21DA5252A49D8A200625565 /* Sources */ = {
			isa = PBXSourcesBuildPhase;
			buildActionMask = 2147483647;
			files = (
				E21DA52E2A49D8A200625565 /* ChabobTests.swift in Sources */,
			);
			runOnlyForDeploymentPostprocessing = 0;
		};
		E21DA52F2A49D8A200625565 /* Sources */ = {
			isa = PBXSourcesBuildPhase;
			buildActionMask = 2147483647;
			files = (
				E21DA5382A49D8A200625565 /* ChabobUITests.swift in Sources */,
				E21DA53A2A49D8A200625565 /* ChabobUITestsLaunchTests.swift in Sources */,
			);
			runOnlyForDeploymentPostprocessing = 0;
		};
/* End PBXSourcesBuildPhase section */

/* Begin PBXTargetDependency section */
		E21DA52B2A49D8A200625565 /* PBXTargetDependency */ = {
			isa = PBXTargetDependency;
			target = E21DA5182A49D8A100625565 /* Chabob */;
			targetProxy = E21DA52A2A49D8A200625565 /* PBXContainerItemProxy */;
		};
		E21DA5352A49D8A200625565 /* PBXTargetDependency */ = {
			isa = PBXTargetDependency;
			target = E21DA5182A49D8A100625565 /* Chabob */;
			targetProxy = E21DA5342A49D8A200625565 /* PBXContainerItemProxy */;
		};
/* End PBXTargetDependency section */

/* Begin XCBuildConfiguration section */
		E21DA53B2A49D8A200625565 /* Debug */ = {
			isa = XCBuildConfiguration;
			buildSettings = {
				ALWAYS_SEARCH_USER_PATHS = NO;
				CLANG_ANALYZER_NONNULL = YES;
				CLANG_ANALYZER_NUMBER_OBJECT_CONVERSION = YES_AGGRESSIVE;
				CLANG_CXX_LANGUAGE_STANDARD = "gnu++20";
				CLANG_ENABLE_MODULES = YES;
				CLANG_ENABLE_OBJC_ARC = YES;
				CLANG_ENABLE_OBJC_WEAK = YES;
				CLANG_WARN_BLOCK_CAPTURE_AUTORELEASING = YES;
				CLANG_WARN_BOOL_CONVERSION = YES;
				CLANG_WARN_COMMA = YES;
				CLANG_WARN_CONSTANT_CONVERSION = YES;
				CLANG_WARN_DEPRECATED_OBJC_IMPLEMENTATIONS = YES;
				CLANG_WARN_DIRECT_OBJC_ISA_USAGE = YES_ERROR;
				CLANG_WARN_DOCUMENTATION_COMMENTS = YES;
				CLANG_WARN_EMPTY_BODY = YES;
				CLANG_WARN_ENUM_CONVERSION = YES;
				CLANG_WARN_INFINITE_RECURSION = YES;
				CLANG_WARN_INT_CONVERSION = YES;
				CLANG_WARN_NON_LITERAL_NULL_CONVERSION = YES;
				CLANG_WARN_OBJC_IMPLICIT_RETAIN_SELF = YES;
				CLANG_WARN_OBJC_LITERAL_CONVERSION = YES;
				CLANG_WARN_OBJC_ROOT_CLASS = YES_ERROR;
				CLANG_WARN_QUOTED_INCLUDE_IN_FRAMEWORK_HEADER = YES;
				CLANG_WARN_RANGE_LOOP_ANALYSIS = YES;
				CLANG_WARN_STRICT_PROTOTYPES = YES;
				CLANG_WARN_SUSPICIOUS_MOVE = YES;
				CLANG_WARN_UNGUARDED_AVAILABILITY = YES_AGGRESSIVE;
				CLANG_WARN_UNREACHABLE_CODE = YES;
				CLANG_WARN__DUPLICATE_METHOD_MATCH = YES;
				COPY_PHASE_STRIP = NO;
				DEBUG_INFORMATION_FORMAT = dwarf;
				ENABLE_STRICT_OBJC_MSGSEND = YES;
				ENABLE_TESTABILITY = YES;
				GCC_C_LANGUAGE_STANDARD = gnu11;
				GCC_DYNAMIC_NO_PIC = NO;
				GCC_NO_COMMON_BLOCKS = YES;
				GCC_OPTIMIZATION_LEVEL = 0;
				GCC_PREPROCESSOR_DEFINITIONS = (
					"DEBUG=1",
					"$(inherited)",
				);
				GCC_WARN_64_TO_32_BIT_CONVERSION = YES;
				GCC_WARN_ABOUT_RETURN_TYPE = YES_ERROR;
				GCC_WARN_UNDECLARED_SELECTOR = YES;
				GCC_WARN_UNINITIALIZED_AUTOS = YES_AGGRESSIVE;
				GCC_WARN_UNUSED_FUNCTION = YES;
				GCC_WARN_UNUSED_VARIABLE = YES;
				IPHONEOS_DEPLOYMENT_TARGET = 16.2;
				MTL_ENABLE_DEBUG_INFO = INCLUDE_SOURCE;
				MTL_FAST_MATH = YES;
				ONLY_ACTIVE_ARCH = YES;
				SDKROOT = iphoneos;
				SWIFT_ACTIVE_COMPILATION_CONDITIONS = DEBUG;
				SWIFT_OPTIMIZATION_LEVEL = "-Onone";
			};
			name = Debug;
		};
		E21DA53C2A49D8A200625565 /* Release */ = {
			isa = XCBuildConfiguration;
			buildSettings = {
				ALWAYS_SEARCH_USER_PATHS = NO;
				CLANG_ANALYZER_NONNULL = YES;
				CLANG_ANALYZER_NUMBER_OBJECT_CONVERSION = YES_AGGRESSIVE;
				CLANG_CXX_LANGUAGE_STANDARD = "gnu++20";
				CLANG_ENABLE_MODULES = YES;
				CLANG_ENABLE_OBJC_ARC = YES;
				CLANG_ENABLE_OBJC_WEAK = YES;
				CLANG_WARN_BLOCK_CAPTURE_AUTORELEASING = YES;
				CLANG_WARN_BOOL_CONVERSION = YES;
				CLANG_WARN_COMMA = YES;
				CLANG_WARN_CONSTANT_CONVERSION = YES;
				CLANG_WARN_DEPRECATED_OBJC_IMPLEMENTATIONS = YES;
				CLANG_WARN_DIRECT_OBJC_ISA_USAGE = YES_ERROR;
				CLANG_WARN_DOCUMENTATION_COMMENTS = YES;
				CLANG_WARN_EMPTY_BODY = YES;
				CLANG_WARN_ENUM_CONVERSION = YES;
				CLANG_WARN_INFINITE_RECURSION = YES;
				CLANG_WARN_INT_CONVERSION = YES;
				CLANG_WARN_NON_LITERAL_NULL_CONVERSION = YES;
				CLANG_WARN_OBJC_IMPLICIT_RETAIN_SELF = YES;
				CLANG_WARN_OBJC_LITERAL_CONVERSION = YES;
				CLANG_WARN_OBJC_ROOT_CLASS = YES_ERROR;
				CLANG_WARN_QUOTED_INCLUDE_IN_FRAMEWORK_HEADER = YES;
				CLANG_WARN_RANGE_LOOP_ANALYSIS = YES;
				CLANG_WARN_STRICT_PROTOTYPES = YES;
				CLANG_WARN_SUSPICIOUS_MOVE = YES;
				CLANG_WARN_UNGUARDED_AVAILABILITY = YES_AGGRESSIVE;
				CLANG_WARN_UNREACHABLE_CODE = YES;
				CLANG_WARN__DUPLICATE_METHOD_MATCH = YES;
				COPY_PHASE_STRIP = NO;
				DEBUG_INFORMATION_FORMAT = "dwarf-with-dsym";
				ENABLE_NS_ASSERTIONS = NO;
				ENABLE_STRICT_OBJC_MSGSEND = YES;
				GCC_C_LANGUAGE_STANDARD = gnu11;
				GCC_NO_COMMON_BLOCKS = YES;
				GCC_WARN_64_TO_32_BIT_CONVERSION = YES;
				GCC_WARN_ABOUT_RETURN_TYPE = YES_ERROR;
				GCC_WARN_UNDECLARED_SELECTOR = YES;
				GCC_WARN_UNINITIALIZED_AUTOS = YES_AGGRESSIVE;
				GCC_WARN_UNUSED_FUNCTION = YES;
				GCC_WARN_UNUSED_VARIABLE = YES;
				IPHONEOS_DEPLOYMENT_TARGET = 16.2;
				MTL_ENABLE_DEBUG_INFO = NO;
				MTL_FAST_MATH = YES;
				SDKROOT = iphoneos;
				SWIFT_COMPILATION_MODE = wholemodule;
				SWIFT_OPTIMIZATION_LEVEL = "-O";
				VALIDATE_PRODUCT = YES;
			};
			name = Release;
		};
		E21DA53E2A49D8A200625565 /* Debug */ = {
			isa = XCBuildConfiguration;
			baseConfigurationReference = 32673FF272231CA981D4CAF3 /* Pods-Chabob.debug.xcconfig */;
			buildSettings = {
				ASSETCATALOG_COMPILER_APPICON_NAME = AppIcon;
				ASSETCATALOG_COMPILER_GLOBAL_ACCENT_COLOR_NAME = AccentColor;
				CODE_SIGN_STYLE = Automatic;
				CURRENT_PROJECT_VERSION = 1;
				DEVELOPMENT_ASSET_PATHS = "\"Chabob/Preview Content\"";
				DEVELOPMENT_TEAM = SXSNK823Y9;
				ENABLE_PREVIEWS = YES;
				GENERATE_INFOPLIST_FILE = YES;
				INFOPLIST_KEY_NSLocationAlwaysAndWhenInUseUsageDescription = "해당 앱은 위치 정보를 사용하기 위해 사용자의 위치 정보를 필요로 합니다.";
				INFOPLIST_KEY_NSLocationWhenInUseUsageDescription = "해당 앱은 위치 정보를 사용하기 위해 사용자의 위치 정보를 필요로 합니다.";
				INFOPLIST_KEY_UIApplicationSceneManifest_Generation = YES;
				INFOPLIST_KEY_UIApplicationSupportsIndirectInputEvents = YES;
				INFOPLIST_KEY_UILaunchScreen_Generation = YES;
				INFOPLIST_KEY_UISupportedInterfaceOrientations_iPad = "UIInterfaceOrientationPortrait UIInterfaceOrientationPortraitUpsideDown UIInterfaceOrientationLandscapeLeft UIInterfaceOrientationLandscapeRight";
				INFOPLIST_KEY_UISupportedInterfaceOrientations_iPhone = "UIInterfaceOrientationPortrait UIInterfaceOrientationLandscapeLeft UIInterfaceOrientationLandscapeRight";
				IPHONEOS_DEPLOYMENT_TARGET = 15.0;
				LD_RUNPATH_SEARCH_PATHS = (
					"$(inherited)",
					"@executable_path/Frameworks",
				);
				MARKETING_VERSION = 1.0;
				PRODUCT_BUNDLE_IDENTIFIER = com.woo0.Hatchling.Chabob;
				PRODUCT_NAME = "$(TARGET_NAME)";
				SWIFT_EMIT_LOC_STRINGS = YES;
				SWIFT_VERSION = 5.0;
				TARGETED_DEVICE_FAMILY = "1,2";
			};
			name = Debug;
		};
		E21DA53F2A49D8A200625565 /* Release */ = {
			isa = XCBuildConfiguration;
			baseConfigurationReference = 9B4ACE63C7F99EAEB445AA55 /* Pods-Chabob.release.xcconfig */;
			buildSettings = {
				ASSETCATALOG_COMPILER_APPICON_NAME = AppIcon;
				ASSETCATALOG_COMPILER_GLOBAL_ACCENT_COLOR_NAME = AccentColor;
				CODE_SIGN_STYLE = Automatic;
				CURRENT_PROJECT_VERSION = 1;
				DEVELOPMENT_ASSET_PATHS = "\"Chabob/Preview Content\"";
				DEVELOPMENT_TEAM = SXSNK823Y9;
				ENABLE_PREVIEWS = YES;
				GENERATE_INFOPLIST_FILE = YES;
				INFOPLIST_KEY_NSLocationAlwaysAndWhenInUseUsageDescription = "해당 앱은 위치 정보를 사용하기 위해 사용자의 위치 정보를 필요로 합니다.";
				INFOPLIST_KEY_NSLocationWhenInUseUsageDescription = "해당 앱은 위치 정보를 사용하기 위해 사용자의 위치 정보를 필요로 합니다.";
				INFOPLIST_KEY_UIApplicationSceneManifest_Generation = YES;
				INFOPLIST_KEY_UIApplicationSupportsIndirectInputEvents = YES;
				INFOPLIST_KEY_UILaunchScreen_Generation = YES;
				INFOPLIST_KEY_UISupportedInterfaceOrientations_iPad = "UIInterfaceOrientationPortrait UIInterfaceOrientationPortraitUpsideDown UIInterfaceOrientationLandscapeLeft UIInterfaceOrientationLandscapeRight";
				INFOPLIST_KEY_UISupportedInterfaceOrientations_iPhone = "UIInterfaceOrientationPortrait UIInterfaceOrientationLandscapeLeft UIInterfaceOrientationLandscapeRight";
				IPHONEOS_DEPLOYMENT_TARGET = 15.0;
				LD_RUNPATH_SEARCH_PATHS = (
					"$(inherited)",
					"@executable_path/Frameworks",
				);
				MARKETING_VERSION = 1.0;
				PRODUCT_BUNDLE_IDENTIFIER = com.woo0.Hatchling.Chabob;
				PRODUCT_NAME = "$(TARGET_NAME)";
				SWIFT_EMIT_LOC_STRINGS = YES;
				SWIFT_VERSION = 5.0;
				TARGETED_DEVICE_FAMILY = "1,2";
			};
			name = Release;
		};
		E21DA5412A49D8A200625565 /* Debug */ = {
			isa = XCBuildConfiguration;
			baseConfigurationReference = 17636ECC0ED5A2ADA7EC479A /* Pods-ChabobTests.debug.xcconfig */;
			buildSettings = {
				ALWAYS_EMBED_SWIFT_STANDARD_LIBRARIES = YES;
				BUNDLE_LOADER = "$(TEST_HOST)";
				CODE_SIGN_STYLE = Automatic;
				CURRENT_PROJECT_VERSION = 1;
				DEVELOPMENT_TEAM = SXSNK823Y9;
				GENERATE_INFOPLIST_FILE = YES;
				IPHONEOS_DEPLOYMENT_TARGET = 16.2;
				MARKETING_VERSION = 1.0;
				PRODUCT_BUNDLE_IDENTIFIER = com.woo0.Hatchling.ChabobTests;
				PRODUCT_NAME = "$(TARGET_NAME)";
				SWIFT_EMIT_LOC_STRINGS = NO;
				SWIFT_VERSION = 5.0;
				TARGETED_DEVICE_FAMILY = "1,2";
				TEST_HOST = "$(BUILT_PRODUCTS_DIR)/Chabob.app/$(BUNDLE_EXECUTABLE_FOLDER_PATH)/Chabob";
			};
			name = Debug;
		};
		E21DA5422A49D8A200625565 /* Release */ = {
			isa = XCBuildConfiguration;
			baseConfigurationReference = C2C29FEEA2CA867360998ED7 /* Pods-ChabobTests.release.xcconfig */;
			buildSettings = {
				ALWAYS_EMBED_SWIFT_STANDARD_LIBRARIES = YES;
				BUNDLE_LOADER = "$(TEST_HOST)";
				CODE_SIGN_STYLE = Automatic;
				CURRENT_PROJECT_VERSION = 1;
				DEVELOPMENT_TEAM = SXSNK823Y9;
				GENERATE_INFOPLIST_FILE = YES;
				IPHONEOS_DEPLOYMENT_TARGET = 16.2;
				MARKETING_VERSION = 1.0;
				PRODUCT_BUNDLE_IDENTIFIER = com.woo0.Hatchling.ChabobTests;
				PRODUCT_NAME = "$(TARGET_NAME)";
				SWIFT_EMIT_LOC_STRINGS = NO;
				SWIFT_VERSION = 5.0;
				TARGETED_DEVICE_FAMILY = "1,2";
				TEST_HOST = "$(BUILT_PRODUCTS_DIR)/Chabob.app/$(BUNDLE_EXECUTABLE_FOLDER_PATH)/Chabob";
			};
			name = Release;
		};
		E21DA5442A49D8A200625565 /* Debug */ = {
			isa = XCBuildConfiguration;
			baseConfigurationReference = 09561DBA7EE1F7031B1C8AC7 /* Pods-Chabob-ChabobUITests.debug.xcconfig */;
			buildSettings = {
				ALWAYS_EMBED_SWIFT_STANDARD_LIBRARIES = YES;
				CODE_SIGN_STYLE = Automatic;
				CURRENT_PROJECT_VERSION = 1;
				DEVELOPMENT_TEAM = SXSNK823Y9;
				GENERATE_INFOPLIST_FILE = YES;
				MARKETING_VERSION = 1.0;
				PRODUCT_BUNDLE_IDENTIFIER = com.woo0.Hatchling.ChabobUITests;
				PRODUCT_NAME = "$(TARGET_NAME)";
				SWIFT_EMIT_LOC_STRINGS = NO;
				SWIFT_VERSION = 5.0;
				TARGETED_DEVICE_FAMILY = "1,2";
				TEST_TARGET_NAME = Chabob;
			};
			name = Debug;
		};
		E21DA5452A49D8A200625565 /* Release */ = {
			isa = XCBuildConfiguration;
			baseConfigurationReference = 98982953C43EB55DFCA5E534 /* Pods-Chabob-ChabobUITests.release.xcconfig */;
			buildSettings = {
				ALWAYS_EMBED_SWIFT_STANDARD_LIBRARIES = YES;
				CODE_SIGN_STYLE = Automatic;
				CURRENT_PROJECT_VERSION = 1;
				DEVELOPMENT_TEAM = SXSNK823Y9;
				GENERATE_INFOPLIST_FILE = YES;
				MARKETING_VERSION = 1.0;
				PRODUCT_BUNDLE_IDENTIFIER = com.woo0.Hatchling.ChabobUITests;
				PRODUCT_NAME = "$(TARGET_NAME)";
				SWIFT_EMIT_LOC_STRINGS = NO;
				SWIFT_VERSION = 5.0;
				TARGETED_DEVICE_FAMILY = "1,2";
				TEST_TARGET_NAME = Chabob;
			};
			name = Release;
		};
/* End XCBuildConfiguration section */

/* Begin XCConfigurationList section */
		E21DA5142A49D8A100625565 /* Build configuration list for PBXProject "Chabob" */ = {
			isa = XCConfigurationList;
			buildConfigurations = (
				E21DA53B2A49D8A200625565 /* Debug */,
				E21DA53C2A49D8A200625565 /* Release */,
			);
			defaultConfigurationIsVisible = 0;
			defaultConfigurationName = Release;
		};
		E21DA53D2A49D8A200625565 /* Build configuration list for PBXNativeTarget "Chabob" */ = {
			isa = XCConfigurationList;
			buildConfigurations = (
				E21DA53E2A49D8A200625565 /* Debug */,
				E21DA53F2A49D8A200625565 /* Release */,
			);
			defaultConfigurationIsVisible = 0;
			defaultConfigurationName = Release;
		};
		E21DA5402A49D8A200625565 /* Build configuration list for PBXNativeTarget "ChabobTests" */ = {
			isa = XCConfigurationList;
			buildConfigurations = (
				E21DA5412A49D8A200625565 /* Debug */,
				E21DA5422A49D8A200625565 /* Release */,
			);
			defaultConfigurationIsVisible = 0;
			defaultConfigurationName = Release;
		};
		E21DA5432A49D8A200625565 /* Build configuration list for PBXNativeTarget "ChabobUITests" */ = {
			isa = XCConfigurationList;
			buildConfigurations = (
				E21DA5442A49D8A200625565 /* Debug */,
				E21DA5452A49D8A200625565 /* Release */,
			);
			defaultConfigurationIsVisible = 0;
			defaultConfigurationName = Release;
		};
/* End XCConfigurationList section */
	};
	rootObject = E21DA5112A49D8A100625565 /* Project object */;
}
