// !$*UTF8*$!
{
	archiveVersion = 1;
	classes = {
	};
	objectVersion = 56;
	objects = {

/* Begin PBXBuildFile section */
		E21B92D62A67B9CC003BF71E /* API_Key.plist in Resources */ = {isa = PBXBuildFile; fileRef = E21B92D52A67B9CC003BF71E /* API_Key.plist */; };
		E21DA51D2A49D8A100625565 /* ChabobApp.swift in Sources */ = {isa = PBXBuildFile; fileRef = E21DA51C2A49D8A100625565 /* ChabobApp.swift */; };
		E21DA51F2A49D8A100625565 /* ContentView.swift in Sources */ = {isa = PBXBuildFile; fileRef = E21DA51E2A49D8A100625565 /* ContentView.swift */; };
		E21DA5212A49D8A200625565 /* Assets.xcassets in Resources */ = {isa = PBXBuildFile; fileRef = E21DA5202A49D8A200625565 /* Assets.xcassets */; };
		E21DA5242A49D8A200625565 /* Preview Assets.xcassets in Resources */ = {isa = PBXBuildFile; fileRef = E21DA5232A49D8A200625565 /* Preview Assets.xcassets */; };
		E21DA52E2A49D8A200625565 /* ChabobTests.swift in Sources */ = {isa = PBXBuildFile; fileRef = E21DA52D2A49D8A200625565 /* ChabobTests.swift */; };
		E21DA5382A49D8A200625565 /* ChabobUITests.swift in Sources */ = {isa = PBXBuildFile; fileRef = E21DA5372A49D8A200625565 /* ChabobUITests.swift */; };
		E21DA53A2A49D8A200625565 /* ChabobUITestsLaunchTests.swift in Sources */ = {isa = PBXBuildFile; fileRef = E21DA5392A49D8A200625565 /* ChabobUITestsLaunchTests.swift */; };
/* End PBXBuildFile section */

/* Begin PBXContainerItemProxy section */
		E21DA52A2A49D8A200625565 /* PBXContainerItemProxy */ = {
			isa = PBXContainerItemProxy;
			containerPortal = E21DA5112A49D8A100625565 /* Project object */;
			proxyType = 1;
			remoteGlobalIDString = E21DA5182A49D8A100625565;
			remoteInfo = Chabob;
		};
		E21DA5342A49D8A200625565 /* PBXContainerItemProxy */ = {
			isa = PBXContainerItemProxy;
			containerPortal = E21DA5112A49D8A100625565 /* Project object */;
			proxyType = 1;
			remoteGlobalIDString = E21DA5182A49D8A100625565;
			remoteInfo = Chabob;
		};
/* End PBXContainerItemProxy section */

/* Begin PBXFileReference section */
		E21B92D52A67B9CC003BF71E /* API_Key.plist */ = {isa = PBXFileReference; lastKnownFileType = text.plist.xml; path = API_Key.plist; sourceTree = "<group>"; };
		E21DA5192A49D8A100625565 /* Chabob.app */ = {isa = PBXFileReference; explicitFileType = wrapper.application; includeInIndex = 0; path = Chabob.app; sourceTree = BUILT_PRODUCTS_DIR; };
		E21DA51C2A49D8A100625565 /* ChabobApp.swift */ = {isa = PBXFileReference; lastKnownFileType = sourcecode.swift; path = ChabobApp.swift; sourceTree = "<group>"; };
		E21DA51E2A49D8A100625565 /* ContentView.swift */ = {isa = PBXFileReference; lastKnownFileType = sourcecode.swift; path = ContentView.swift; sourceTree = "<group>"; };
		E21DA5202A49D8A200625565 /* Assets.xcassets */ = {isa = PBXFileReference; lastKnownFileType = folder.assetcatalog; path = Assets.xcassets; sourceTree = "<group>"; };
		E21DA5232A49D8A200625565 /* Preview Assets.xcassets */ = {isa = PBXFileReference; lastKnownFileType = folder.assetcatalog; path = "Preview Assets.xcassets"; sourceTree = "<group>"; };
		E21DA5292A49D8A200625565 /* ChabobTests.xctest */ = {isa = PBXFileReference; explicitFileType = wrapper.cfbundle; includeInIndex = 0; path = ChabobTests.xctest; sourceTree = BUILT_PRODUCTS_DIR; };
		E21DA52D2A49D8A200625565 /* ChabobTests.swift */ = {isa = PBXFileReference; lastKnownFileType = sourcecode.swift; path = ChabobTests.swift; sourceTree = "<group>"; };
		E21DA5332A49D8A200625565 /* ChabobUITests.xctest */ = {isa = PBXFileReference; explicitFileType = wrapper.cfbundle; includeInIndex = 0; path = ChabobUITests.xctest; sourceTree = BUILT_PRODUCTS_DIR; };
		E21DA5372A49D8A200625565 /* ChabobUITests.swift */ = {isa = PBXFileReference; lastKnownFileType = sourcecode.swift; path = ChabobUITests.swift; sourceTree = "<group>"; };
		E21DA5392A49D8A200625565 /* ChabobUITestsLaunchTests.swift */ = {isa = PBXFileReference; lastKnownFileType = sourcecode.swift; path = ChabobUITestsLaunchTests.swift; sourceTree = "<group>"; };
/* End PBXFileReference section */

/* Begin PBXFrameworksBuildPhase section */
		E21DA5162A49D8A100625565 /* Frameworks */ = {
			isa = PBXFrameworksBuildPhase;
			buildActionMask = 2147483647;
			files = (
			);
			runOnlyForDeploymentPostprocessing = 0;
		};
		E21DA5262A49D8A200625565 /* Frameworks */ = {
			isa = PBXFrameworksBuildPhase;
			buildActionMask = 2147483647;
			files = (
			);
			runOnlyForDeploymentPostprocessing = 0;
		};
		E21DA5302A49D8A200625565 /* Frameworks */ = {
			isa = PBXFrameworksBuildPhase;
			buildActionMask = 2147483647;
			files = (
			);
			runOnlyForDeploymentPostprocessing = 0;
		};
/* End PBXFrameworksBuildPhase section */

/* Begin PBXGroup section */
		E21DA5102A49D8A100625565 = {
			isa = PBXGroup;
			children = (
				E21DA51B2A49D8A100625565 /* Chabob */,
				E21DA52C2A49D8A200625565 /* ChabobTests */,
				E21DA5362A49D8A200625565 /* ChabobUITests */,
				E21DA51A2A49D8A100625565 /* Products */,
			);
			sourceTree = "<group>";
		};
		E21DA51A2A49D8A100625565 /* Products */ = {
			isa = PBXGroup;
			children = (
				E21DA5192A49D8A100625565 /* Chabob.app */,
				E21DA5292A49D8A200625565 /* ChabobTests.xctest */,
				E21DA5332A49D8A200625565 /* ChabobUITests.xctest */,
			);
			name = Products;
			sourceTree = "<group>";
		};
		E21DA51B2A49D8A100625565 /* Chabob */ = {
			isa = PBXGroup;
			children = (
				E21DA5472A49D9E800625565 /* Resources */,
				E21DA5462A49D9D600625565 /* Sources */,
				E21DA51C2A49D8A100625565 /* ChabobApp.swift */,
				E21DA5202A49D8A200625565 /* Assets.xcassets */,
				E21DA5222A49D8A200625565 /* Preview Content */,
			);
			path = Chabob;
			sourceTree = "<group>";
		};
		E21DA5222A49D8A200625565 /* Preview Content */ = {
			isa = PBXGroup;
			children = (
				E21DA5232A49D8A200625565 /* Preview Assets.xcassets */,
			);
			path = "Preview Content";
			sourceTree = "<group>";
		};
		E21DA52C2A49D8A200625565 /* ChabobTests */ = {
			isa = PBXGroup;
			children = (
				E21DA52D2A49D8A200625565 /* ChabobTests.swift */,
			);
			path = ChabobTests;
			sourceTree = "<group>";
		};
		E21DA5362A49D8A200625565 /* ChabobUITests */ = {
			isa = PBXGroup;
			children = (
				E21DA5372A49D8A200625565 /* ChabobUITests.swift */,
				E21DA5392A49D8A200625565 /* ChabobUITestsLaunchTests.swift */,
			);
			path = ChabobUITests;
			sourceTree = "<group>";
		};
		E21DA5462A49D9D600625565 /* Sources */ = {
			isa = PBXGroup;
			children = (
				E21DA54A2A49DA5000625565 /* Intent */,
				E21DA5492A49DA4900625565 /* Model */,
				E21DA5482A49DA0200625565 /* Views */,
			);
			path = Sources;
			sourceTree = "<group>";
		};
		E21DA5472A49D9E800625565 /* Resources */ = {
			isa = PBXGroup;
			children = (
				E21B92D52A67B9CC003BF71E /* API_Key.plist */,
			);
			path = Resources;
			sourceTree = "<group>";
		};
		E21DA5482A49DA0200625565 /* Views */ = {
			isa = PBXGroup;
			children = (
				E21DA51E2A49D8A100625565 /* ContentView.swift */,
			);
			path = Views;
			sourceTree = "<group>";
		};
		E21DA5492A49DA4900625565 /* Model */ = {
			isa = PBXGroup;
			children = (
			);
			path = Model;
			sourceTree = "<group>";
		};
		E21DA54A2A49DA5000625565 /* Intent */ = {
			isa = PBXGroup;
			children = (
			);
			path = Intent;
			sourceTree = "<group>";
		};
/* End PBXGroup section */

/* Begin PBXNativeTarget section */
		E21DA5182A49D8A100625565 /* Chabob */ = {
			isa = PBXNativeTarget;
			buildConfigurationList = E21DA53D2A49D8A200625565 /* Build configuration list for PBXNativeTarget "Chabob" */;
			buildPhases = (
				E21DA5152A49D8A100625565 /* Sources */,
				E21DA5162A49D8A100625565 /* Frameworks */,
				E21DA5172A49D8A100625565 /* Resources */,
			);
			buildRules = (
			);
			dependencies = (
			);
			name = Chabob;
			productName = Chabob;
			productReference = E21DA5192A49D8A100625565 /* Chabob.app */;
			productType = "com.apple.product-type.application";
		};
		E21DA5282A49D8A200625565 /* ChabobTests */ = {
			isa = PBXNativeTarget;
			buildConfigurationList = E21DA5402A49D8A200625565 /* Build configuration list for PBXNativeTarget "ChabobTests" */;
			buildPhases = (
				E21DA5252A49D8A200625565 /* Sources */,
				E21DA5262A49D8A200625565 /* Frameworks */,
				E21DA5272A49D8A200625565 /* Resources */,
			);
			buildRules = (
			);
			dependencies = (
				E21DA52B2A49D8A200625565 /* PBXTargetDependency */,
			);
			name = ChabobTests;
			productName = ChabobTests;
			productReference = E21DA5292A49D8A200625565 /* ChabobTests.xctest */;
			productType = "com.apple.product-type.bundle.unit-test";
		};
		E21DA5322A49D8A200625565 /* ChabobUITests */ = {
			isa = PBXNativeTarget;
			buildConfigurationList = E21DA5432A49D8A200625565 /* Build configuration list for PBXNativeTarget "ChabobUITests" */;
			buildPhases = (
				E21DA52F2A49D8A200625565 /* Sources */,
				E21DA5302A49D8A200625565 /* Frameworks */,
				E21DA5312A49D8A200625565 /* Resources */,
			);
			buildRules = (
			);
			dependencies = (
				E21DA5352A49D8A200625565 /* PBXTargetDependency */,
			);
			name = ChabobUITests;
			productName = ChabobUITests;
			productReference = E21DA5332A49D8A200625565 /* ChabobUITests.xctest */;
			productType = "com.apple.product-type.bundle.ui-testing";
		};
/* End PBXNativeTarget section */

/* Begin PBXProject section */
		E21DA5112A49D8A100625565 /* Project object */ = {
			isa = PBXProject;
			attributes = {
				BuildIndependentTargetsInParallel = 1;
				LastSwiftUpdateCheck = 1420;
				LastUpgradeCheck = 1420;
				TargetAttributes = {
					E21DA5182A49D8A100625565 = {
						CreatedOnToolsVersion = 14.2;
					};
					E21DA5282A49D8A200625565 = {
						CreatedOnToolsVersion = 14.2;
						TestTargetID = E21DA5182A49D8A100625565;
					};
					E21DA5322A49D8A200625565 = {
						CreatedOnToolsVersion = 14.2;
						TestTargetID = E21DA5182A49D8A100625565;
					};
				};
			};
			buildConfigurationList = E21DA5142A49D8A100625565 /* Build configuration list for PBXProject "Chabob" */;
			compatibilityVersion = "Xcode 14.0";
			developmentRegion = en;
			hasScannedForEncodings = 0;
			knownRegions = (
				en,
				Base,
			);
			mainGroup = E21DA5102A49D8A100625565;
			productRefGroup = E21DA51A2A49D8A100625565 /* Products */;
			projectDirPath = "";
			projectRoot = "";
			targets = (
				E21DA5182A49D8A100625565 /* Chabob */,
				E21DA5282A49D8A200625565 /* ChabobTests */,
				E21DA5322A49D8A200625565 /* ChabobUITests */,
			);
		};
/* End PBXProject section */

/* Begin PBXResourcesBuildPhase section */
		E21DA5172A49D8A100625565 /* Resources */ = {
			isa = PBXResourcesBuildPhase;
			buildActionMask = 2147483647;
			files = (
				E21DA5242A49D8A200625565 /* Preview Assets.xcassets in Resources */,
				E21B92D62A67B9CC003BF71E /* API_Key.plist in Resources */,
				E21DA5212A49D8A200625565 /* Assets.xcassets in Resources */,
			);
			runOnlyForDeploymentPostprocessing = 0;
		};
		E21DA5272A49D8A200625565 /* Resources */ = {
			isa = PBXResourcesBuildPhase;
			buildActionMask = 2147483647;
			files = (
			);
			runOnlyForDeploymentPostprocessing = 0;
		};
		E21DA5312A49D8A200625565 /* Resources */ = {
			isa = PBXResourcesBuildPhase;
			buildActionMask = 2147483647;
			files = (
			);
			runOnlyForDeploymentPostprocessing = 0;
		};
/* End PBXResourcesBuildPhase section */

/* Begin PBXSourcesBuildPhase section */
		E21DA5152A49D8A100625565 /* Sources */ = {
			isa = PBXSourcesBuildPhase;
			buildActionMask = 2147483647;
			files = (
				E21DA51F2A49D8A100625565 /* ContentView.swift in Sources */,
				E21DA51D2A49D8A100625565 /* ChabobApp.swift in Sources */,
			);
			runOnlyForDeploymentPostprocessing = 0;
		};
		E21DA5252A49D8A200625565 /* Sources */ = {
			isa = PBXSourcesBuildPhase;
			buildActionMask = 2147483647;
			files = (
				E21DA52E2A49D8A200625565 /* ChabobTests.swift in Sources */,
			);
			runOnlyForDeploymentPostprocessing = 0;
		};
		E21DA52F2A49D8A200625565 /* Sources */ = {
			isa = PBXSourcesBuildPhase;
			buildActionMask = 2147483647;
			files = (
				E21DA5382A49D8A200625565 /* ChabobUITests.swift in Sources */,
				E21DA53A2A49D8A200625565 /* ChabobUITestsLaunchTests.swift in Sources */,
			);
			runOnlyForDeploymentPostprocessing = 0;
		};
/* End PBXSourcesBuildPhase section */

/* Begin PBXTargetDependency section */
		E21DA52B2A49D8A200625565 /* PBXTargetDependency */ = {
			isa = PBXTargetDependency;
			target = E21DA5182A49D8A100625565 /* Chabob */;
			targetProxy = E21DA52A2A49D8A200625565 /* PBXContainerItemProxy */;
		};
		E21DA5352A49D8A200625565 /* PBXTargetDependency */ = {
			isa = PBXTargetDependency;
			target = E21DA5182A49D8A100625565 /* Chabob */;
			targetProxy = E21DA5342A49D8A200625565 /* PBXContainerItemProxy */;
		};
/* End PBXTargetDependency section */

/* Begin XCBuildConfiguration section */
		E21DA53B2A49D8A200625565 /* Debug */ = {
			isa = XCBuildConfiguration;
			buildSettings = {
				ALWAYS_SEARCH_USER_PATHS = NO;
				CLANG_ANALYZER_NONNULL = YES;
				CLANG_ANALYZER_NUMBER_OBJECT_CONVERSION = YES_AGGRESSIVE;
				CLANG_CXX_LANGUAGE_STANDARD = "gnu++20";
				CLANG_ENABLE_MODULES = YES;
				CLANG_ENABLE_OBJC_ARC = YES;
				CLANG_ENABLE_OBJC_WEAK = YES;
				CLANG_WARN_BLOCK_CAPTURE_AUTORELEASING = YES;
				CLANG_WARN_BOOL_CONVERSION = YES;
				CLANG_WARN_COMMA = YES;
				CLANG_WARN_CONSTANT_CONVERSION = YES;
				CLANG_WARN_DEPRECATED_OBJC_IMPLEMENTATIONS = YES;
				CLANG_WARN_DIRECT_OBJC_ISA_USAGE = YES_ERROR;
				CLANG_WARN_DOCUMENTATION_COMMENTS = YES;
				CLANG_WARN_EMPTY_BODY = YES;
				CLANG_WARN_ENUM_CONVERSION = YES;
				CLANG_WARN_INFINITE_RECURSION = YES;
				CLANG_WARN_INT_CONVERSION = YES;
				CLANG_WARN_NON_LITERAL_NULL_CONVERSION = YES;
				CLANG_WARN_OBJC_IMPLICIT_RETAIN_SELF = YES;
				CLANG_WARN_OBJC_LITERAL_CONVERSION = YES;
				CLANG_WARN_OBJC_ROOT_CLASS = YES_ERROR;
				CLANG_WARN_QUOTED_INCLUDE_IN_FRAMEWORK_HEADER = YES;
				CLANG_WARN_RANGE_LOOP_ANALYSIS = YES;
				CLANG_WARN_STRICT_PROTOTYPES = YES;
				CLANG_WARN_SUSPICIOUS_MOVE = YES;
				CLANG_WARN_UNGUARDED_AVAILABILITY = YES_AGGRESSIVE;
				CLANG_WARN_UNREACHABLE_CODE = YES;
				CLANG_WARN__DUPLICATE_METHOD_MATCH = YES;
				COPY_PHASE_STRIP = NO;
				DEBUG_INFORMATION_FORMAT = dwarf;
				ENABLE_STRICT_OBJC_MSGSEND = YES;
				ENABLE_TESTABILITY = YES;
				GCC_C_LANGUAGE_STANDARD = gnu11;
				GCC_DYNAMIC_NO_PIC = NO;
				GCC_NO_COMMON_BLOCKS = YES;
				GCC_OPTIMIZATION_LEVEL = 0;
				GCC_PREPROCESSOR_DEFINITIONS = (
					"DEBUG=1",
					"$(inherited)",
				);
				GCC_WARN_64_TO_32_BIT_CONVERSION = YES;
				GCC_WARN_ABOUT_RETURN_TYPE = YES_ERROR;
				GCC_WARN_UNDECLARED_SELECTOR = YES;
				GCC_WARN_UNINITIALIZED_AUTOS = YES_AGGRESSIVE;
				GCC_WARN_UNUSED_FUNCTION = YES;
				GCC_WARN_UNUSED_VARIABLE = YES;
				IPHONEOS_DEPLOYMENT_TARGET = 16.2;
				MTL_ENABLE_DEBUG_INFO = INCLUDE_SOURCE;
				MTL_FAST_MATH = YES;
				ONLY_ACTIVE_ARCH = YES;
				SDKROOT = iphoneos;
				SWIFT_ACTIVE_COMPILATION_CONDITIONS = DEBUG;
				SWIFT_OPTIMIZATION_LEVEL = "-Onone";
			};
			name = Debug;
		};
		E21DA53C2A49D8A200625565 /* Release */ = {
			isa = XCBuildConfiguration;
			buildSettings = {
				ALWAYS_SEARCH_USER_PATHS = NO;
				CLANG_ANALYZER_NONNULL = YES;
				CLANG_ANALYZER_NUMBER_OBJECT_CONVERSION = YES_AGGRESSIVE;
				CLANG_CXX_LANGUAGE_STANDARD = "gnu++20";
				CLANG_ENABLE_MODULES = YES;
				CLANG_ENABLE_OBJC_ARC = YES;
				CLANG_ENABLE_OBJC_WEAK = YES;
				CLANG_WARN_BLOCK_CAPTURE_AUTORELEASING = YES;
				CLANG_WARN_BOOL_CONVERSION = YES;
				CLANG_WARN_COMMA = YES;
				CLANG_WARN_CONSTANT_CONVERSION = YES;
				CLANG_WARN_DEPRECATED_OBJC_IMPLEMENTATIONS = YES;
				CLANG_WARN_DIRECT_OBJC_ISA_USAGE = YES_ERROR;
				CLANG_WARN_DOCUMENTATION_COMMENTS = YES;
				CLANG_WARN_EMPTY_BODY = YES;
				CLANG_WARN_ENUM_CONVERSION = YES;
				CLANG_WARN_INFINITE_RECURSION = YES;
				CLANG_WARN_INT_CONVERSION = YES;
				CLANG_WARN_NON_LITERAL_NULL_CONVERSION = YES;
				CLANG_WARN_OBJC_IMPLICIT_RETAIN_SELF = YES;
				CLANG_WARN_OBJC_LITERAL_CONVERSION = YES;
				CLANG_WARN_OBJC_ROOT_CLASS = YES_ERROR;
				CLANG_WARN_QUOTED_INCLUDE_IN_FRAMEWORK_HEADER = YES;
				CLANG_WARN_RANGE_LOOP_ANALYSIS = YES;
				CLANG_WARN_STRICT_PROTOTYPES = YES;
				CLANG_WARN_SUSPICIOUS_MOVE = YES;
				CLANG_WARN_UNGUARDED_AVAILABILITY = YES_AGGRESSIVE;
				CLANG_WARN_UNREACHABLE_CODE = YES;
				CLANG_WARN__DUPLICATE_METHOD_MATCH = YES;
				COPY_PHASE_STRIP = NO;
				DEBUG_INFORMATION_FORMAT = "dwarf-with-dsym";
				ENABLE_NS_ASSERTIONS = NO;
				ENABLE_STRICT_OBJC_MSGSEND = YES;
				GCC_C_LANGUAGE_STANDARD = gnu11;
				GCC_NO_COMMON_BLOCKS = YES;
				GCC_WARN_64_TO_32_BIT_CONVERSION = YES;
				GCC_WARN_ABOUT_RETURN_TYPE = YES_ERROR;
				GCC_WARN_UNDECLARED_SELECTOR = YES;
				GCC_WARN_UNINITIALIZED_AUTOS = YES_AGGRESSIVE;
				GCC_WARN_UNUSED_FUNCTION = YES;
				GCC_WARN_UNUSED_VARIABLE = YES;
				IPHONEOS_DEPLOYMENT_TARGET = 16.2;
				MTL_ENABLE_DEBUG_INFO = NO;
				MTL_FAST_MATH = YES;
				SDKROOT = iphoneos;
				SWIFT_COMPILATION_MODE = wholemodule;
				SWIFT_OPTIMIZATION_LEVEL = "-O";
				VALIDATE_PRODUCT = YES;
			};
			name = Release;
		};
		E21DA53E2A49D8A200625565 /* Debug */ = {
			isa = XCBuildConfiguration;
			buildSettings = {
				ASSETCATALOG_COMPILER_APPICON_NAME = AppIcon;
				ASSETCATALOG_COMPILER_GLOBAL_ACCENT_COLOR_NAME = AccentColor;
				CODE_SIGN_STYLE = Automatic;
				CURRENT_PROJECT_VERSION = 1;
				DEVELOPMENT_ASSET_PATHS = "\"Chabob/Preview Content\"";
				DEVELOPMENT_TEAM = SXSNK823Y9;
				ENABLE_PREVIEWS = YES;
				GENERATE_INFOPLIST_FILE = YES;
				INFOPLIST_KEY_UIApplicationSceneManifest_Generation = YES;
				INFOPLIST_KEY_UIApplicationSupportsIndirectInputEvents = YES;
				INFOPLIST_KEY_UILaunchScreen_Generation = YES;
				INFOPLIST_KEY_UISupportedInterfaceOrientations_iPad = "UIInterfaceOrientationPortrait UIInterfaceOrientationPortraitUpsideDown UIInterfaceOrientationLandscapeLeft UIInterfaceOrientationLandscapeRight";
				INFOPLIST_KEY_UISupportedInterfaceOrientations_iPhone = "UIInterfaceOrientationPortrait UIInterfaceOrientationLandscapeLeft UIInterfaceOrientationLandscapeRight";
				LD_RUNPATH_SEARCH_PATHS = (
					"$(inherited)",
					"@executable_path/Frameworks",
				);
				MARKETING_VERSION = 1.0;
				PRODUCT_BUNDLE_IDENTIFIER = com.woo0.Hatchling.Chabob;
				PRODUCT_NAME = "$(TARGET_NAME)";
				SWIFT_EMIT_LOC_STRINGS = YES;
				SWIFT_VERSION = 5.0;
				TARGETED_DEVICE_FAMILY = "1,2";
			};
			name = Debug;
		};
		E21DA53F2A49D8A200625565 /* Release */ = {
			isa = XCBuildConfiguration;
			buildSettings = {
				ASSETCATALOG_COMPILER_APPICON_NAME = AppIcon;
				ASSETCATALOG_COMPILER_GLOBAL_ACCENT_COLOR_NAME = AccentColor;
				CODE_SIGN_STYLE = Automatic;
				CURRENT_PROJECT_VERSION = 1;
				DEVELOPMENT_ASSET_PATHS = "\"Chabob/Preview Content\"";
				DEVELOPMENT_TEAM = SXSNK823Y9;
				ENABLE_PREVIEWS = YES;
				GENERATE_INFOPLIST_FILE = YES;
				INFOPLIST_KEY_UIApplicationSceneManifest_Generation = YES;
				INFOPLIST_KEY_UIApplicationSupportsIndirectInputEvents = YES;
				INFOPLIST_KEY_UILaunchScreen_Generation = YES;
				INFOPLIST_KEY_UISupportedInterfaceOrientations_iPad = "UIInterfaceOrientationPortrait UIInterfaceOrientationPortraitUpsideDown UIInterfaceOrientationLandscapeLeft UIInterfaceOrientationLandscapeRight";
				INFOPLIST_KEY_UISupportedInterfaceOrientations_iPhone = "UIInterfaceOrientationPortrait UIInterfaceOrientationLandscapeLeft UIInterfaceOrientationLandscapeRight";
				LD_RUNPATH_SEARCH_PATHS = (
					"$(inherited)",
					"@executable_path/Frameworks",
				);
				MARKETING_VERSION = 1.0;
				PRODUCT_BUNDLE_IDENTIFIER = com.woo0.Hatchling.Chabob;
				PRODUCT_NAME = "$(TARGET_NAME)";
				SWIFT_EMIT_LOC_STRINGS = YES;
				SWIFT_VERSION = 5.0;
				TARGETED_DEVICE_FAMILY = "1,2";
			};
			name = Release;
		};
		E21DA5412A49D8A200625565 /* Debug */ = {
			isa = XCBuildConfiguration;
			buildSettings = {
				ALWAYS_EMBED_SWIFT_STANDARD_LIBRARIES = YES;
				BUNDLE_LOADER = "$(TEST_HOST)";
				CODE_SIGN_STYLE = Automatic;
				CURRENT_PROJECT_VERSION = 1;
				DEVELOPMENT_TEAM = SXSNK823Y9;
				GENERATE_INFOPLIST_FILE = YES;
				IPHONEOS_DEPLOYMENT_TARGET = 16.2;
				MARKETING_VERSION = 1.0;
				PRODUCT_BUNDLE_IDENTIFIER = com.woo0.Hatchling.ChabobTests;
				PRODUCT_NAME = "$(TARGET_NAME)";
				SWIFT_EMIT_LOC_STRINGS = NO;
				SWIFT_VERSION = 5.0;
				TARGETED_DEVICE_FAMILY = "1,2";
				TEST_HOST = "$(BUILT_PRODUCTS_DIR)/Chabob.app/$(BUNDLE_EXECUTABLE_FOLDER_PATH)/Chabob";
			};
			name = Debug;
		};
		E21DA5422A49D8A200625565 /* Release */ = {
			isa = XCBuildConfiguration;
			buildSettings = {
				ALWAYS_EMBED_SWIFT_STANDARD_LIBRARIES = YES;
				BUNDLE_LOADER = "$(TEST_HOST)";
				CODE_SIGN_STYLE = Automatic;
				CURRENT_PROJECT_VERSION = 1;
				DEVELOPMENT_TEAM = SXSNK823Y9;
				GENERATE_INFOPLIST_FILE = YES;
				IPHONEOS_DEPLOYMENT_TARGET = 16.2;
				MARKETING_VERSION = 1.0;
				PRODUCT_BUNDLE_IDENTIFIER = com.woo0.Hatchling.ChabobTests;
				PRODUCT_NAME = "$(TARGET_NAME)";
				SWIFT_EMIT_LOC_STRINGS = NO;
				SWIFT_VERSION = 5.0;
				TARGETED_DEVICE_FAMILY = "1,2";
				TEST_HOST = "$(BUILT_PRODUCTS_DIR)/Chabob.app/$(BUNDLE_EXECUTABLE_FOLDER_PATH)/Chabob";
			};
			name = Release;
		};
		E21DA5442A49D8A200625565 /* Debug */ = {
			isa = XCBuildConfiguration;
			buildSettings = {
				ALWAYS_EMBED_SWIFT_STANDARD_LIBRARIES = YES;
				CODE_SIGN_STYLE = Automatic;
				CURRENT_PROJECT_VERSION = 1;
				DEVELOPMENT_TEAM = SXSNK823Y9;
				GENERATE_INFOPLIST_FILE = YES;
				MARKETING_VERSION = 1.0;
				PRODUCT_BUNDLE_IDENTIFIER = com.woo0.Hatchling.ChabobUITests;
				PRODUCT_NAME = "$(TARGET_NAME)";
				SWIFT_EMIT_LOC_STRINGS = NO;
				SWIFT_VERSION = 5.0;
				TARGETED_DEVICE_FAMILY = "1,2";
				TEST_TARGET_NAME = Chabob;
			};
			name = Debug;
		};
		E21DA5452A49D8A200625565 /* Release */ = {
			isa = XCBuildConfiguration;
			buildSettings = {
				ALWAYS_EMBED_SWIFT_STANDARD_LIBRARIES = YES;
				CODE_SIGN_STYLE = Automatic;
				CURRENT_PROJECT_VERSION = 1;
				DEVELOPMENT_TEAM = SXSNK823Y9;
				GENERATE_INFOPLIST_FILE = YES;
				MARKETING_VERSION = 1.0;
				PRODUCT_BUNDLE_IDENTIFIER = com.woo0.Hatchling.ChabobUITests;
				PRODUCT_NAME = "$(TARGET_NAME)";
				SWIFT_EMIT_LOC_STRINGS = NO;
				SWIFT_VERSION = 5.0;
				TARGETED_DEVICE_FAMILY = "1,2";
				TEST_TARGET_NAME = Chabob;
			};
			name = Release;
		};
/* End XCBuildConfiguration section */

/* Begin XCConfigurationList section */
		E21DA5142A49D8A100625565 /* Build configuration list for PBXProject "Chabob" */ = {
			isa = XCConfigurationList;
			buildConfigurations = (
				E21DA53B2A49D8A200625565 /* Debug */,
				E21DA53C2A49D8A200625565 /* Release */,
			);
			defaultConfigurationIsVisible = 0;
			defaultConfigurationName = Release;
		};
		E21DA53D2A49D8A200625565 /* Build configuration list for PBXNativeTarget "Chabob" */ = {
			isa = XCConfigurationList;
			buildConfigurations = (
				E21DA53E2A49D8A200625565 /* Debug */,
				E21DA53F2A49D8A200625565 /* Release */,
			);
			defaultConfigurationIsVisible = 0;
			defaultConfigurationName = Release;
		};
		E21DA5402A49D8A200625565 /* Build configuration list for PBXNativeTarget "ChabobTests" */ = {
			isa = XCConfigurationList;
			buildConfigurations = (
				E21DA5412A49D8A200625565 /* Debug */,
				E21DA5422A49D8A200625565 /* Release */,
			);
			defaultConfigurationIsVisible = 0;
			defaultConfigurationName = Release;
		};
		E21DA5432A49D8A200625565 /* Build configuration list for PBXNativeTarget "ChabobUITests" */ = {
			isa = XCConfigurationList;
			buildConfigurations = (
				E21DA5442A49D8A200625565 /* Debug */,
				E21DA5452A49D8A200625565 /* Release */,
			);
			defaultConfigurationIsVisible = 0;
			defaultConfigurationName = Release;
		};
/* End XCConfigurationList section */
	};
	rootObject = E21DA5112A49D8A100625565 /* Project object */;
}
